// !$*UTF8*$!
{
	archiveVersion = 1;
	classes = {
	};
	objectVersion = 77;
	objects = {

/* Begin PBXBuildFile section */
		0F0460D42EF45FFC00C6F937 /* version.json in Resources */ = {isa = PBXBuildFile; fileRef = 0F1D673B2EEF235A00EC9CA8 /* version.json */; };
		0FB1C3B02EEC7E6700A86E0F /* README.md in Resources */ = {isa = PBXBuildFile; fileRef = 0FB1C3AF2EEC7E5F00A86E0F /* README.md */; };
		A10000012F00000100000001 /* main.swift in Sources */ = {isa = PBXBuildFile; fileRef = A10000012F00000100000006 /* main.swift */; };
		A10000012F00000100000002 /* macUSBHelper in CopyFiles */ = {isa = PBXBuildFile; fileRef = A10000012F00000100000005 /* macUSBHelper */; };
		A10000012F00000100000003 /* macUSB/Resources/LaunchDaemons/com.kruszoneq.macusb.helper.plist in CopyFiles */ = {isa = PBXBuildFile; fileRef = A10000012F00000100000007 /* macUSB/Resources/LaunchDaemons/com.kruszoneq.macusb.helper.plist */; };
		A10000012F00000100000031 /* IPC/HelperIPC.swift in Sources */ = {isa = PBXBuildFile; fileRef = A10000012F00000100000021 /* IPC/HelperIPC.swift */; };
		A10000012F00000100000032 /* Service/PrivilegedHelperService.swift in Sources */ = {isa = PBXBuildFile; fileRef = A10000012F00000100000022 /* Service/PrivilegedHelperService.swift */; };
		A10000012F00000100000033 /* Service/HelperListenerDelegate.swift in Sources */ = {isa = PBXBuildFile; fileRef = A10000012F00000100000023 /* Service/HelperListenerDelegate.swift */; };
		A10000012F00000100000034 /* Workflow/HelperWorkflowExecutor.swift in Sources */ = {isa = PBXBuildFile; fileRef = A10000012F00000100000024 /* Workflow/HelperWorkflowExecutor.swift */; };
		A10000012F00000100000035 /* Workflow/HelperWorkflowStages.swift in Sources */ = {isa = PBXBuildFile; fileRef = A10000012F00000100000025 /* Workflow/HelperWorkflowStages.swift */; };
		A10000012F00000100000036 /* Workflow/HelperWorkflowProgressParsing.swift in Sources */ = {isa = PBXBuildFile; fileRef = A10000012F00000100000026 /* Workflow/HelperWorkflowProgressParsing.swift */; };
		A10000012F00000100000037 /* Workflow/HelperWorkflowDiskResolution.swift in Sources */ = {isa = PBXBuildFile; fileRef = A10000012F00000100000027 /* Workflow/HelperWorkflowDiskResolution.swift */; };
		A10000012F00000100000038 /* Workflow/HelperWorkflowFileOperations.swift in Sources */ = {isa = PBXBuildFile; fileRef = A10000012F00000100000028 /* Workflow/HelperWorkflowFileOperations.swift */; };
		A10000012F00000100000039 /* DownloaderAssembly/DownloaderAssemblyExecutor.swift in Sources */ = {isa = PBXBuildFile; fileRef = A10000012F00000100000029 /* DownloaderAssembly/DownloaderAssemblyExecutor.swift */; };
		A10000012F0000010000003A /* DownloaderAssembly/DownloaderAssemblyProcess.swift in Sources */ = {isa = PBXBuildFile; fileRef = A10000012F0000010000002A /* DownloaderAssembly/DownloaderAssemblyProcess.swift */; };
		B10000012F00000100000001 /* macUSB/Resources/Sounds/burn_complete.aif in Resources */ = {isa = PBXBuildFile; fileRef = B10000012F00000100000002 /* macUSB/Resources/Sounds/burn_complete.aif */; };
		C10000012F00000100000001 /* ../macUSB/Shared/Localization/HelperWorkflowLocalizationKeys.swift in Sources */ = {isa = PBXBuildFile; fileRef = C10000012F00000100000002 /* ../macUSB/Shared/Localization/HelperWorkflowLocalizationKeys.swift */; };
/* End PBXBuildFile section */

/* Begin PBXContainerItemProxy section */
		0F94F4B52EDE3E520019F69A /* PBXContainerItemProxy */ = {
			isa = PBXContainerItemProxy;
			containerPortal = 0F94F49D2EDE3E510019F69A /* Project object */;
			proxyType = 1;
			remoteGlobalIDString = 0F94F4A42EDE3E510019F69A;
			remoteInfo = macUSB;
		};
		0F94F4BF2EDE3E520019F69A /* PBXContainerItemProxy */ = {
			isa = PBXContainerItemProxy;
			containerPortal = 0F94F49D2EDE3E510019F69A /* Project object */;
			proxyType = 1;
			remoteGlobalIDString = 0F94F4A42EDE3E510019F69A;
			remoteInfo = macUSB;
		};
		A10000012F00000100000004 /* PBXContainerItemProxy */ = {
			isa = PBXContainerItemProxy;
			containerPortal = 0F94F49D2EDE3E510019F69A /* Project object */;
			proxyType = 1;
			remoteGlobalIDString = A10000012F0000010000000C;
			remoteInfo = macUSBHelper;
		};
/* End PBXContainerItemProxy section */

/* Begin PBXCopyFilesBuildPhase section */
		A10000012F00000100000008 /* CopyFiles */ = {
			isa = PBXCopyFilesBuildPhase;
			buildActionMask = 2147483647;
			dstPath = Contents/Library/Helpers;
			dstSubfolderSpec = 1;
			files = (
				A10000012F00000100000002 /* macUSBHelper in CopyFiles */,
			);
			runOnlyForDeploymentPostprocessing = 0;
		};
		A10000012F00000100000009 /* CopyFiles */ = {
			isa = PBXCopyFilesBuildPhase;
			buildActionMask = 2147483647;
			dstPath = Contents/Library/LaunchDaemons;
			dstSubfolderSpec = 1;
			files = (
				A10000012F00000100000003 /* macUSB/Resources/LaunchDaemons/com.kruszoneq.macusb.helper.plist in CopyFiles */,
			);
			runOnlyForDeploymentPostprocessing = 0;
		};
/* End PBXCopyFilesBuildPhase section */

/* Begin PBXFileReference section */
		0F1D673B2EEF235A00EC9CA8 /* version.json */ = {isa = PBXFileReference; lastKnownFileType = text.json; path = version.json; sourceTree = "<group>"; };
		0F94F4A52EDE3E510019F69A /* macUSB.app */ = {isa = PBXFileReference; explicitFileType = wrapper.application; includeInIndex = 0; path = macUSB.app; sourceTree = BUILT_PRODUCTS_DIR; };
		0F94F4B42EDE3E520019F69A /* macUSBTests.xctest */ = {isa = PBXFileReference; explicitFileType = wrapper.cfbundle; includeInIndex = 0; path = macUSBTests.xctest; sourceTree = BUILT_PRODUCTS_DIR; };
		0F94F4BE2EDE3E520019F69A /* macUSBUITests.xctest */ = {isa = PBXFileReference; explicitFileType = wrapper.cfbundle; includeInIndex = 0; path = macUSBUITests.xctest; sourceTree = BUILT_PRODUCTS_DIR; };
		0FB1C3772EEC7B5A00A86E0F /* LICENSE.txt */ = {isa = PBXFileReference; lastKnownFileType = text; path = LICENSE.txt; sourceTree = "<group>"; };
		0FB1C3AC2EEC7C8D00A86E0F /* .gitignore */ = {isa = PBXFileReference; lastKnownFileType = text; path = .gitignore; sourceTree = "<group>"; };
		0FB1C3AF2EEC7E5F00A86E0F /* README.md */ = {isa = PBXFileReference; lastKnownFileType = net.daringfireball.markdown; path = README.md; sourceTree = "<group>"; };
		A10000012F00000100000005 /* macUSBHelper */ = {isa = PBXFileReference; explicitFileType = "compiled.mach-o.executable"; includeInIndex = 0; path = macUSBHelper; sourceTree = BUILT_PRODUCTS_DIR; };
		A10000012F00000100000006 /* main.swift */ = {isa = PBXFileReference; lastKnownFileType = sourcecode.swift; path = main.swift; sourceTree = "<group>"; };
		A10000012F00000100000007 /* macUSB/Resources/LaunchDaemons/com.kruszoneq.macusb.helper.plist */ = {isa = PBXFileReference; lastKnownFileType = text.plist.xml; path = macUSB/Resources/LaunchDaemons/com.kruszoneq.macusb.helper.plist; sourceTree = "<group>"; };
		A10000012F00000100000013 /* macUSBHelper.debug.entitlements */ = {isa = PBXFileReference; lastKnownFileType = text.plist.entitlements; path = macUSBHelper.debug.entitlements; sourceTree = "<group>"; };
		A10000012F00000100000014 /* macUSBHelper.release.entitlements */ = {isa = PBXFileReference; lastKnownFileType = text.plist.entitlements; path = macUSBHelper.release.entitlements; sourceTree = "<group>"; };
		A10000012F00000100000021 /* IPC/HelperIPC.swift */ = {isa = PBXFileReference; lastKnownFileType = sourcecode.swift; path = IPC/HelperIPC.swift; sourceTree = "<group>"; };
		A10000012F00000100000022 /* Service/PrivilegedHelperService.swift */ = {isa = PBXFileReference; lastKnownFileType = sourcecode.swift; path = Service/PrivilegedHelperService.swift; sourceTree = "<group>"; };
		A10000012F00000100000023 /* Service/HelperListenerDelegate.swift */ = {isa = PBXFileReference; lastKnownFileType = sourcecode.swift; path = Service/HelperListenerDelegate.swift; sourceTree = "<group>"; };
		A10000012F00000100000024 /* Workflow/HelperWorkflowExecutor.swift */ = {isa = PBXFileReference; lastKnownFileType = sourcecode.swift; path = Workflow/HelperWorkflowExecutor.swift; sourceTree = "<group>"; };
		A10000012F00000100000025 /* Workflow/HelperWorkflowStages.swift */ = {isa = PBXFileReference; lastKnownFileType = sourcecode.swift; path = Workflow/HelperWorkflowStages.swift; sourceTree = "<group>"; };
		A10000012F00000100000026 /* Workflow/HelperWorkflowProgressParsing.swift */ = {isa = PBXFileReference; lastKnownFileType = sourcecode.swift; path = Workflow/HelperWorkflowProgressParsing.swift; sourceTree = "<group>"; };
		A10000012F00000100000027 /* Workflow/HelperWorkflowDiskResolution.swift */ = {isa = PBXFileReference; lastKnownFileType = sourcecode.swift; path = Workflow/HelperWorkflowDiskResolution.swift; sourceTree = "<group>"; };
		A10000012F00000100000028 /* Workflow/HelperWorkflowFileOperations.swift */ = {isa = PBXFileReference; lastKnownFileType = sourcecode.swift; path = Workflow/HelperWorkflowFileOperations.swift; sourceTree = "<group>"; };
		A10000012F00000100000029 /* DownloaderAssembly/DownloaderAssemblyExecutor.swift */ = {isa = PBXFileReference; lastKnownFileType = sourcecode.swift; path = DownloaderAssembly/DownloaderAssemblyExecutor.swift; sourceTree = "<group>"; };
		A10000012F0000010000002A /* DownloaderAssembly/DownloaderAssemblyProcess.swift */ = {isa = PBXFileReference; lastKnownFileType = sourcecode.swift; path = DownloaderAssembly/DownloaderAssemblyProcess.swift; sourceTree = "<group>"; };
		B10000012F00000100000002 /* macUSB/Resources/Sounds/burn_complete.aif */ = {isa = PBXFileReference; lastKnownFileType = audio.aiff; path = macUSB/Resources/Sounds/burn_complete.aif; sourceTree = "<group>"; };
		C10000012F00000100000002 /* ../macUSB/Shared/Localization/HelperWorkflowLocalizationKeys.swift */ = {isa = PBXFileReference; lastKnownFileType = sourcecode.swift; path = ../macUSB/Shared/Localization/HelperWorkflowLocalizationKeys.swift; sourceTree = "<group>"; };
/* End PBXFileReference section */

/* Begin PBXFileSystemSynchronizedBuildFileExceptionSet section */
		0F0A5C2F2EE4DEF7006EA56B /* Exceptions for "macUSB" folder in "macUSB" target */ = {
			isa = PBXFileSystemSynchronizedBuildFileExceptionSet;
			membershipExceptions = (
				App/ContentView.swift,
				App/macUSBApp.swift,
				Features/Analysis/AnalysisLogic.swift,
				Features/Analysis/SystemAnalysisView.swift,
				Features/Downloader/Logic/Assembly/MacOSAssemblyBuildVerification.swift,
				Features/Downloader/Logic/Assembly/MacOSAssemblyFileUtils.swift,
				Features/Downloader/Logic/Assembly/MacOSAssemblyLegacyFlow.swift,
				Features/Downloader/Logic/Assembly/MacOSAssemblyLegacyProgress.swift,
				Features/Downloader/Logic/Assembly/MacOSAssemblyModernHelper.swift,
				Features/Downloader/Logic/Assembly/MacOSAssemblyOrchestrator.swift,
				Features/Downloader/Logic/Assembly/MacOSAssemblyProcessUtils.swift,
				Features/Downloader/Logic/Discovery/MacOSDiscoveryCatalogClient.swift,
				Features/Downloader/Logic/Discovery/MacOSDiscoveryCatalogParser.swift,
				Features/Downloader/Logic/Discovery/MacOSDiscoveryConstants.swift,
				Features/Downloader/Logic/Discovery/MacOSDiscoveryDistributionParser.swift,
				Features/Downloader/Logic/Discovery/MacOSDiscoveryFiltering.swift,
				Features/Downloader/Logic/Discovery/MacOSDiscoveryGrouping.swift,
				Features/Downloader/Logic/Discovery/MacOSDiscoveryLegacySupport.swift,
				Features/Downloader/Logic/Discovery/MacOSDiscoveryModels.swift,
				Features/Downloader/Logic/Discovery/MacOSDiscoveryOrchestrator.swift,
				Features/Downloader/Logic/Discovery/MacOSDiscoverySizeProbe.swift,
				Features/Downloader/Logic/Download/MacOSDownloadFormatting.swift,
				Features/Downloader/Logic/Download/MacOSDownloadNamingPolicy.swift,
				Features/Downloader/Logic/Download/MacOSDownloadOrchestrator.swift,
				Features/Downloader/Logic/Download/MacOSDownloadRetry.swift,
				Features/Downloader/Logic/Download/MacOSDownloadSessionFiles.swift,
				Features/Downloader/Logic/Download/MacOSDownloadState.swift,
				Features/Downloader/Logic/Download/MacOSDownloadTransfer.swift,
				Features/Downloader/Logic/DownloadChecksums.json,
				Features/Downloader/Logic/MacOSCleanupLogic.swift,
				Features/Downloader/Logic/MacOSVerificationLogic.swift,
				Features/Downloader/MacOSDownloaderCoordinator.swift,
				Features/Downloader/UI/MacOSDownloaderListView.swift,
				Features/Downloader/UI/MacOSDownloaderProcessView.swift,
				Features/Downloader/UI/MacOSDownloaderSummaryView.swift,
				Features/Downloader/UI/MacOSDownloaderWindowShellView.swift,
				Features/Finish/FinishUSBView.swift,
				Features/Installation/CreationProgressView.swift,
				Features/Installation/CreatorHelperLogic.swift,
				Features/Installation/CreatorLogic.swift,
				Features/Installation/UniversalInstallationView.swift,
				Features/Welcome/WelcomeView.swift,
				macUSBIcon.icon,
				Resources/Icons/OS/os_10_7_lion.icns,
				Resources/Icons/OS/os_10_8_mountain_lion.icns,
				Resources/Icons/OS/os_10_9_maverics.icns,
				Resources/Icons/OS/os_10_10_yosemite.icns,
				Resources/Icons/OS/os_10_11_el_capitan.icns,
				Resources/Icons/OS/os_10_12_sierra.icns,
				Resources/Icons/OS/os_10_13_high_sierra.icns,
				Resources/Icons/OS/os_10_14_mojave.icns,
				Resources/Icons/OS/os_10_15_catalina.icns,
				Resources/Icons/OS/os_11_7_big_sur.icns,
				Resources/Icons/OS/os_12_7_monterey.icns,
				Resources/Icons/OS/os_13_7_ventura.icns,
				Resources/Icons/OS/os_14_8_sonoma.icns,
				Resources/Icons/OS/os_15_7_sequoia.icns,
				Resources/Icons/OS/os_26_2_tahoe.icns,
				Resources/Localizable.xcstrings,
				Shared/Localization/HelperWorkflowLocalizationKeys.swift,
				Shared/Models/Models.swift,
				Shared/Services/FullDiskAccessPermissionManager.swift,
				Shared/Services/Helper/HelperIPC.swift,
				Shared/Services/Helper/HelperService/HelperServiceBootstrap.swift,
				Shared/Services/Helper/HelperService/HelperServiceDiagnostics.swift,
				Shared/Services/Helper/HelperService/HelperServiceEnsureReadyFlow.swift,
				Shared/Services/Helper/HelperService/HelperServiceRepairFlow.swift,
				Shared/Services/Helper/HelperService/HelperServiceRepairPanelView.swift,
				Shared/Services/Helper/HelperService/HelperServiceRepairUI.swift,
				Shared/Services/Helper/HelperService/HelperServiceStatusUI.swift,
				Shared/Services/Helper/HelperServiceManager.swift,
				Shared/Services/Helper/PrivilegedOperationClient.swift,
				Shared/Services/LanguageManager.swift,
				Shared/Services/Logging.swift,
				Shared/Services/MenuState.swift,
				Shared/Services/NotificationPermissionManager.swift,
				Shared/Services/UpdateChecker.swift,
				Shared/Services/USBDriveLogic.swift,
				Shared/UI/BottomActionBar.swift,
				Shared/UI/DesignTokens.swift,
				Shared/UI/LiquidGlassCompatibility.swift,
				Shared/UI/StatusCard.swift,
			);
			target = 0F94F4A42EDE3E510019F69A /* macUSB */;
		};
		0F11CFC52EE4E76F0072AFEC /* Exceptions for "macUSB" folder in "macUSBUITests" target */ = {
			isa = PBXFileSystemSynchronizedBuildFileExceptionSet;
			membershipExceptions = (
				App/ContentView.swift,
				App/macUSBApp.swift,
				Features/Downloader/Logic/Assembly/MacOSAssemblyBuildVerification.swift,
				Features/Downloader/Logic/Assembly/MacOSAssemblyFileUtils.swift,
				Features/Downloader/Logic/Assembly/MacOSAssemblyLegacyFlow.swift,
				Features/Downloader/Logic/Assembly/MacOSAssemblyLegacyProgress.swift,
				Features/Downloader/Logic/Assembly/MacOSAssemblyModernHelper.swift,
				Features/Downloader/Logic/Assembly/MacOSAssemblyOrchestrator.swift,
				Features/Downloader/Logic/Assembly/MacOSAssemblyProcessUtils.swift,
				Features/Downloader/Logic/Discovery/MacOSDiscoveryCatalogClient.swift,
				Features/Downloader/Logic/Discovery/MacOSDiscoveryCatalogParser.swift,
				Features/Downloader/Logic/Discovery/MacOSDiscoveryConstants.swift,
				Features/Downloader/Logic/Discovery/MacOSDiscoveryDistributionParser.swift,
				Features/Downloader/Logic/Discovery/MacOSDiscoveryFiltering.swift,
				Features/Downloader/Logic/Discovery/MacOSDiscoveryGrouping.swift,
				Features/Downloader/Logic/Discovery/MacOSDiscoveryLegacySupport.swift,
				Features/Downloader/Logic/Discovery/MacOSDiscoveryModels.swift,
				Features/Downloader/Logic/Discovery/MacOSDiscoveryOrchestrator.swift,
				Features/Downloader/Logic/Discovery/MacOSDiscoverySizeProbe.swift,
				Features/Downloader/Logic/Download/MacOSDownloadFormatting.swift,
				Features/Downloader/Logic/Download/MacOSDownloadNamingPolicy.swift,
				Features/Downloader/Logic/Download/MacOSDownloadOrchestrator.swift,
				Features/Downloader/Logic/Download/MacOSDownloadRetry.swift,
				Features/Downloader/Logic/Download/MacOSDownloadSessionFiles.swift,
				Features/Downloader/Logic/Download/MacOSDownloadState.swift,
				Features/Downloader/Logic/Download/MacOSDownloadTransfer.swift,
				Features/Downloader/Logic/DownloadChecksums.json,
				Features/Downloader/Logic/MacOSCleanupLogic.swift,
				Features/Downloader/Logic/MacOSVerificationLogic.swift,
				Features/Downloader/MacOSDownloaderCoordinator.swift,
				Features/Downloader/UI/MacOSDownloaderListView.swift,
				Features/Downloader/UI/MacOSDownloaderProcessView.swift,
				Features/Downloader/UI/MacOSDownloaderSummaryView.swift,
				Features/Downloader/UI/MacOSDownloaderWindowShellView.swift,
				Features/Installation/CreationProgressView.swift,
				Features/Installation/CreatorHelperLogic.swift,
				Features/Installation/CreatorLogic.swift,
				Features/Installation/UniversalInstallationView.swift,
				Features/Welcome/WelcomeView.swift,
				macUSBIcon.icon,
				Resources/Localizable.xcstrings,
				Shared/Localization/HelperWorkflowLocalizationKeys.swift,
				Shared/Models/Models.swift,
				Shared/Services/FullDiskAccessPermissionManager.swift,
				Shared/Services/Helper/HelperIPC.swift,
				Shared/Services/Helper/HelperService/HelperServiceBootstrap.swift,
				Shared/Services/Helper/HelperService/HelperServiceDiagnostics.swift,
				Shared/Services/Helper/HelperService/HelperServiceEnsureReadyFlow.swift,
				Shared/Services/Helper/HelperService/HelperServiceRepairFlow.swift,
				Shared/Services/Helper/HelperService/HelperServiceRepairPanelView.swift,
				Shared/Services/Helper/HelperService/HelperServiceRepairUI.swift,
				Shared/Services/Helper/HelperService/HelperServiceStatusUI.swift,
				Shared/Services/Helper/HelperServiceManager.swift,
				Shared/Services/Helper/PrivilegedOperationClient.swift,
				Shared/Services/LanguageManager.swift,
				Shared/Services/Logging.swift,
				Shared/Services/MenuState.swift,
				Shared/Services/NotificationPermissionManager.swift,
				Shared/Services/UpdateChecker.swift,
				Shared/UI/BottomActionBar.swift,
				Shared/UI/DesignTokens.swift,
				Shared/UI/LiquidGlassCompatibility.swift,
				Shared/UI/StatusCard.swift,
			);
			target = 0F94F4BD2EDE3E520019F69A /* macUSBUITests */;
		};
/* End PBXFileSystemSynchronizedBuildFileExceptionSet section */

/* Begin PBXFileSystemSynchronizedRootGroup section */
		0F7852D92F0977F700FCE876 /* .github */ = {
			isa = PBXFileSystemSynchronizedRootGroup;
			path = .github;
			sourceTree = "<group>";
		};
		0FA4D68E2EE4D133006211FD /* macUSB */ = {
			isa = PBXFileSystemSynchronizedRootGroup;
			exceptions = (
				0F0A5C2F2EE4DEF7006EA56B /* Exceptions for "macUSB" folder in "macUSB" target */,
				0F11CFC52EE4E76F0072AFEC /* Exceptions for "macUSB" folder in "macUSBUITests" target */,
			);
			path = macUSB;
			sourceTree = "<group>";
		};
		0FD6AAEC2F5A9D1A00D0C5A1 /* docs */ = {
			isa = PBXFileSystemSynchronizedRootGroup;
			path = docs;
			sourceTree = "<group>";
		};
/* End PBXFileSystemSynchronizedRootGroup section */

/* Begin PBXFrameworksBuildPhase section */
		0F94F4A22EDE3E510019F69A /* Frameworks */ = {
			isa = PBXFrameworksBuildPhase;
			buildActionMask = 2147483647;
			files = (
			);
			runOnlyForDeploymentPostprocessing = 0;
		};
		0F94F4B12EDE3E520019F69A /* Frameworks */ = {
			isa = PBXFrameworksBuildPhase;
			buildActionMask = 2147483647;
			files = (
			);
			runOnlyForDeploymentPostprocessing = 0;
		};
		0F94F4BB2EDE3E520019F69A /* Frameworks */ = {
			isa = PBXFrameworksBuildPhase;
			buildActionMask = 2147483647;
			files = (
			);
			runOnlyForDeploymentPostprocessing = 0;
		};
		A10000012F0000010000000A /* Frameworks */ = {
			isa = PBXFrameworksBuildPhase;
			buildActionMask = 2147483647;
			files = (
			);
			runOnlyForDeploymentPostprocessing = 0;
		};
/* End PBXFrameworksBuildPhase section */

/* Begin PBXGroup section */
		0F94F49C2EDE3E510019F69A = {
			isa = PBXGroup;
			children = (
				0F7852D92F0977F700FCE876 /* .github */,
				0FD6AAEC2F5A9D1A00D0C5A1 /* docs */,
				0F1D673B2EEF235A00EC9CA8 /* version.json */,
				0FB1C3772EEC7B5A00A86E0F /* LICENSE.txt */,
				0FB1C3AF2EEC7E5F00A86E0F /* README.md */,
				0FB1C3AC2EEC7C8D00A86E0F /* .gitignore */,
				0FA4D68E2EE4D133006211FD /* macUSB */,
				A10000012F0000010000000B /* macUSBHelper */,
				0F94F4A62EDE3E510019F69A /* Products */,
				0FC49EED2F3E823C00F847B1 /* Recovered References */,
			);
			sourceTree = "<group>";
		};
		0F94F4A62EDE3E510019F69A /* Products */ = {
			isa = PBXGroup;
			children = (
				0F94F4A52EDE3E510019F69A /* macUSB.app */,
				A10000012F00000100000005 /* macUSBHelper */,
				0F94F4B42EDE3E520019F69A /* macUSBTests.xctest */,
				0F94F4BE2EDE3E520019F69A /* macUSBUITests.xctest */,
			);
			name = Products;
			sourceTree = "<group>";
		};
		0FC49EED2F3E823C00F847B1 /* Recovered References */ = {
			isa = PBXGroup;
			children = (
				A10000012F00000100000007 /* macUSB/Resources/LaunchDaemons/com.kruszoneq.macusb.helper.plist */,
				B10000012F00000100000002 /* macUSB/Resources/Sounds/burn_complete.aif */,
			);
			name = "Recovered References";
			sourceTree = "<group>";
		};
		A10000012F0000010000000B /* macUSBHelper */ = {
			isa = PBXGroup;
			children = (
				A10000012F00000100000006 /* main.swift */,
				A10000012F00000100000021 /* IPC/HelperIPC.swift */,
				A10000012F00000100000022 /* Service/PrivilegedHelperService.swift */,
				A10000012F00000100000023 /* Service/HelperListenerDelegate.swift */,
				A10000012F00000100000024 /* Workflow/HelperWorkflowExecutor.swift */,
				A10000012F00000100000025 /* Workflow/HelperWorkflowStages.swift */,
				A10000012F00000100000026 /* Workflow/HelperWorkflowProgressParsing.swift */,
				A10000012F00000100000027 /* Workflow/HelperWorkflowDiskResolution.swift */,
				A10000012F00000100000028 /* Workflow/HelperWorkflowFileOperations.swift */,
				A10000012F00000100000029 /* DownloaderAssembly/DownloaderAssemblyExecutor.swift */,
				A10000012F0000010000002A /* DownloaderAssembly/DownloaderAssemblyProcess.swift */,
				C10000012F00000100000002 /* ../macUSB/Shared/Localization/HelperWorkflowLocalizationKeys.swift */,
				A10000012F00000100000013 /* macUSBHelper.debug.entitlements */,
				A10000012F00000100000014 /* macUSBHelper.release.entitlements */,
			);
			path = macUSBHelper;
			sourceTree = "<group>";
		};
/* End PBXGroup section */

/* Begin PBXNativeTarget section */
		0F94F4A42EDE3E510019F69A /* macUSB */ = {
			isa = PBXNativeTarget;
			buildConfigurationList = 0F94F4C82EDE3E520019F69A /* Build configuration list for PBXNativeTarget "macUSB" */;
			buildPhases = (
				0F94F4A12EDE3E510019F69A /* Sources */,
				0F94F4A22EDE3E510019F69A /* Frameworks */,
				0F94F4A32EDE3E510019F69A /* Resources */,
				A10000012F00000100000008 /* CopyFiles */,
				A10000012F00000100000009 /* CopyFiles */,
			);
			buildRules = (
			);
			dependencies = (
				A10000012F0000010000000F /* PBXTargetDependency */,
			);
			name = macUSB;
			packageProductDependencies = (
			);
			productName = macUSB;
			productReference = 0F94F4A52EDE3E510019F69A /* macUSB.app */;
			productType = "com.apple.product-type.application";
		};
		0F94F4B32EDE3E520019F69A /* macUSBTests */ = {
			isa = PBXNativeTarget;
			buildConfigurationList = 0F94F4CB2EDE3E520019F69A /* Build configuration list for PBXNativeTarget "macUSBTests" */;
			buildPhases = (
				0F94F4B02EDE3E520019F69A /* Sources */,
				0F94F4B12EDE3E520019F69A /* Frameworks */,
				0F94F4B22EDE3E520019F69A /* Resources */,
			);
			buildRules = (
			);
			dependencies = (
				0F94F4B62EDE3E520019F69A /* PBXTargetDependency */,
			);
			name = macUSBTests;
			packageProductDependencies = (
			);
			productName = macUSBTests;
			productReference = 0F94F4B42EDE3E520019F69A /* macUSBTests.xctest */;
			productType = "com.apple.product-type.bundle.unit-test";
		};
		0F94F4BD2EDE3E520019F69A /* macUSBUITests */ = {
			isa = PBXNativeTarget;
			buildConfigurationList = 0F94F4CE2EDE3E520019F69A /* Build configuration list for PBXNativeTarget "macUSBUITests" */;
			buildPhases = (
				0F94F4BA2EDE3E520019F69A /* Sources */,
				0F94F4BB2EDE3E520019F69A /* Frameworks */,
				0F94F4BC2EDE3E520019F69A /* Resources */,
			);
			buildRules = (
			);
			dependencies = (
				0F94F4C02EDE3E520019F69A /* PBXTargetDependency */,
			);
			fileSystemSynchronizedGroups = (
				0F7852D92F0977F700FCE876 /* .github */,
				0FA4D68E2EE4D133006211FD /* macUSB */,
			);
			name = macUSBUITests;
			packageProductDependencies = (
			);
			productName = macUSBUITests;
			productReference = 0F94F4BE2EDE3E520019F69A /* macUSBUITests.xctest */;
			productType = "com.apple.product-type.bundle.ui-testing";
		};
		A10000012F0000010000000C /* macUSBHelper */ = {
			isa = PBXNativeTarget;
			buildConfigurationList = A10000012F00000100000012 /* Build configuration list for PBXNativeTarget "macUSBHelper" */;
			buildPhases = (
				A10000012F0000010000000E /* Sources */,
				A10000012F0000010000000A /* Frameworks */,
				A10000012F0000010000000D /* Resources */,
			);
			buildRules = (
			);
			dependencies = (
			);
			name = macUSBHelper;
			packageProductDependencies = (
			);
			productName = macUSBHelper;
			productReference = A10000012F00000100000005 /* macUSBHelper */;
			productType = "com.apple.product-type.tool";
		};
/* End PBXNativeTarget section */

/* Begin PBXProject section */
		0F94F49D2EDE3E510019F69A /* Project object */ = {
			isa = PBXProject;
			attributes = {
				BuildIndependentTargetsInParallel = 1;
				LastSwiftUpdateCheck = 2610;
				LastUpgradeCheck = 2620;
				TargetAttributes = {
					0F94F4A42EDE3E510019F69A = {
						CreatedOnToolsVersion = 26.1.1;
					};
					0F94F4B32EDE3E520019F69A = {
						CreatedOnToolsVersion = 26.1.1;
						TestTargetID = 0F94F4A42EDE3E510019F69A;
					};
					0F94F4BD2EDE3E520019F69A = {
						CreatedOnToolsVersion = 26.1.1;
						TestTargetID = 0F94F4A42EDE3E510019F69A;
					};
					A10000012F0000010000000C = {
						CreatedOnToolsVersion = 26.2;
					};
				};
			};
			buildConfigurationList = 0F94F4A02EDE3E510019F69A /* Build configuration list for PBXProject "macUSB" */;
			developmentRegion = pl;
			hasScannedForEncodings = 0;
			knownRegions = (
				en,
				Base,
				pl,
				de,
				ja,
				fr,
				es,
				"pt-BR",
				"zh-Hans",
				ru,
				it,
				uk,
				vi,
				tr,
			);
			mainGroup = 0F94F49C2EDE3E510019F69A;
			minimizedProjectReferenceProxies = 1;
			preferredProjectObjectVersion = 77;
			productRefGroup = 0F94F4A62EDE3E510019F69A /* Products */;
			projectDirPath = "";
			projectRoot = "";
			targets = (
				0F94F4A42EDE3E510019F69A /* macUSB */,
				A10000012F0000010000000C /* macUSBHelper */,
				0F94F4B32EDE3E520019F69A /* macUSBTests */,
				0F94F4BD2EDE3E520019F69A /* macUSBUITests */,
			);
		};
/* End PBXProject section */

/* Begin PBXResourcesBuildPhase section */
		0F94F4A32EDE3E510019F69A /* Resources */ = {
			isa = PBXResourcesBuildPhase;
			buildActionMask = 2147483647;
			files = (
				0F0460D42EF45FFC00C6F937 /* version.json in Resources */,
				B10000012F00000100000001 /* macUSB/Resources/Sounds/burn_complete.aif in Resources */,
			);
			runOnlyForDeploymentPostprocessing = 0;
		};
		0F94F4B22EDE3E520019F69A /* Resources */ = {
			isa = PBXResourcesBuildPhase;
			buildActionMask = 2147483647;
			files = (
			);
			runOnlyForDeploymentPostprocessing = 0;
		};
		0F94F4BC2EDE3E520019F69A /* Resources */ = {
			isa = PBXResourcesBuildPhase;
			buildActionMask = 2147483647;
			files = (
				0FB1C3B02EEC7E6700A86E0F /* README.md in Resources */,
			);
			runOnlyForDeploymentPostprocessing = 0;
		};
		A10000012F0000010000000D /* Resources */ = {
			isa = PBXResourcesBuildPhase;
			buildActionMask = 2147483647;
			files = (
			);
			runOnlyForDeploymentPostprocessing = 0;
		};
/* End PBXResourcesBuildPhase section */

/* Begin PBXSourcesBuildPhase section */
		0F94F4A12EDE3E510019F69A /* Sources */ = {
			isa = PBXSourcesBuildPhase;
			buildActionMask = 2147483647;
			files = (
			);
			runOnlyForDeploymentPostprocessing = 0;
		};
		0F94F4B02EDE3E520019F69A /* Sources */ = {
			isa = PBXSourcesBuildPhase;
			buildActionMask = 2147483647;
			files = (
			);
			runOnlyForDeploymentPostprocessing = 0;
		};
		0F94F4BA2EDE3E520019F69A /* Sources */ = {
			isa = PBXSourcesBuildPhase;
			buildActionMask = 2147483647;
			files = (
			);
			runOnlyForDeploymentPostprocessing = 0;
		};
		A10000012F0000010000000E /* Sources */ = {
			isa = PBXSourcesBuildPhase;
			buildActionMask = 2147483647;
			files = (
				C10000012F00000100000001 /* ../macUSB/Shared/Localization/HelperWorkflowLocalizationKeys.swift in Sources */,
				A10000012F00000100000001 /* main.swift in Sources */,
				A10000012F00000100000031 /* IPC/HelperIPC.swift in Sources */,
				A10000012F00000100000032 /* Service/PrivilegedHelperService.swift in Sources */,
				A10000012F00000100000033 /* Service/HelperListenerDelegate.swift in Sources */,
				A10000012F00000100000034 /* Workflow/HelperWorkflowExecutor.swift in Sources */,
				A10000012F00000100000035 /* Workflow/HelperWorkflowStages.swift in Sources */,
				A10000012F00000100000036 /* Workflow/HelperWorkflowProgressParsing.swift in Sources */,
				A10000012F00000100000037 /* Workflow/HelperWorkflowDiskResolution.swift in Sources */,
				A10000012F00000100000038 /* Workflow/HelperWorkflowFileOperations.swift in Sources */,
				A10000012F00000100000039 /* DownloaderAssembly/DownloaderAssemblyExecutor.swift in Sources */,
				A10000012F0000010000003A /* DownloaderAssembly/DownloaderAssemblyProcess.swift in Sources */,
			);
			runOnlyForDeploymentPostprocessing = 0;
		};
/* End PBXSourcesBuildPhase section */

/* Begin PBXTargetDependency section */
		0F94F4B62EDE3E520019F69A /* PBXTargetDependency */ = {
			isa = PBXTargetDependency;
			target = 0F94F4A42EDE3E510019F69A /* macUSB */;
			targetProxy = 0F94F4B52EDE3E520019F69A /* PBXContainerItemProxy */;
		};
		0F94F4C02EDE3E520019F69A /* PBXTargetDependency */ = {
			isa = PBXTargetDependency;
			target = 0F94F4A42EDE3E510019F69A /* macUSB */;
			targetProxy = 0F94F4BF2EDE3E520019F69A /* PBXContainerItemProxy */;
		};
		A10000012F0000010000000F /* PBXTargetDependency */ = {
			isa = PBXTargetDependency;
			target = A10000012F0000010000000C /* macUSBHelper */;
			targetProxy = A10000012F00000100000004 /* PBXContainerItemProxy */;
		};
/* End PBXTargetDependency section */

/* Begin XCBuildConfiguration section */
		0F94F4C62EDE3E520019F69A /* Debug */ = {
			isa = XCBuildConfiguration;
			buildSettings = {
				ALWAYS_SEARCH_USER_PATHS = NO;
				ASSETCATALOG_COMPILER_GENERATE_SWIFT_ASSET_SYMBOL_EXTENSIONS = YES;
				CLANG_ANALYZER_LOCALIZABILITY_NONLOCALIZED = YES;
				CLANG_ANALYZER_NONNULL = YES;
				CLANG_ANALYZER_NUMBER_OBJECT_CONVERSION = YES_AGGRESSIVE;
				CLANG_CXX_LANGUAGE_STANDARD = "gnu++20";
				CLANG_ENABLE_MODULES = YES;
				CLANG_ENABLE_OBJC_ARC = YES;
				CLANG_ENABLE_OBJC_WEAK = YES;
				CLANG_WARN_BLOCK_CAPTURE_AUTORELEASING = YES;
				CLANG_WARN_BOOL_CONVERSION = YES;
				CLANG_WARN_COMMA = YES;
				CLANG_WARN_CONSTANT_CONVERSION = YES;
				CLANG_WARN_DEPRECATED_OBJC_IMPLEMENTATIONS = YES;
				CLANG_WARN_DIRECT_OBJC_ISA_USAGE = YES_ERROR;
				CLANG_WARN_DOCUMENTATION_COMMENTS = YES;
				CLANG_WARN_EMPTY_BODY = YES;
				CLANG_WARN_ENUM_CONVERSION = YES;
				CLANG_WARN_INFINITE_RECURSION = YES;
				CLANG_WARN_INT_CONVERSION = YES;
				CLANG_WARN_NON_LITERAL_NULL_CONVERSION = YES;
				CLANG_WARN_OBJC_IMPLICIT_RETAIN_SELF = YES;
				CLANG_WARN_OBJC_LITERAL_CONVERSION = YES;
				CLANG_WARN_OBJC_ROOT_CLASS = YES_ERROR;
				CLANG_WARN_QUOTED_INCLUDE_IN_FRAMEWORK_HEADER = YES;
				CLANG_WARN_RANGE_LOOP_ANALYSIS = YES;
				CLANG_WARN_STRICT_PROTOTYPES = YES;
				CLANG_WARN_SUSPICIOUS_MOVE = YES;
				CLANG_WARN_UNGUARDED_AVAILABILITY = YES_AGGRESSIVE;
				CLANG_WARN_UNREACHABLE_CODE = YES;
				CLANG_WARN__DUPLICATE_METHOD_MATCH = YES;
				CODE_SIGN_IDENTITY = "Apple Development";
				CODE_SIGN_STYLE = Automatic;
				COPY_PHASE_STRIP = NO;
				DEAD_CODE_STRIPPING = YES;
				DEBUG_INFORMATION_FORMAT = dwarf;
				DEVELOPMENT_TEAM = 27NC66L8P2;
				ENABLE_STRICT_OBJC_MSGSEND = YES;
				ENABLE_TESTABILITY = YES;
				ENABLE_USER_SCRIPT_SANDBOXING = YES;
				GCC_C_LANGUAGE_STANDARD = gnu17;
				GCC_DYNAMIC_NO_PIC = NO;
				GCC_NO_COMMON_BLOCKS = YES;
				GCC_OPTIMIZATION_LEVEL = 0;
				GCC_PREPROCESSOR_DEFINITIONS = (
					"DEBUG=1",
					"$(inherited)",
				);
				GCC_WARN_64_TO_32_BIT_CONVERSION = YES;
				GCC_WARN_ABOUT_RETURN_TYPE = YES_ERROR;
				GCC_WARN_UNDECLARED_SELECTOR = YES;
				GCC_WARN_UNINITIALIZED_AUTOS = YES_AGGRESSIVE;
				GCC_WARN_UNUSED_FUNCTION = YES;
				GCC_WARN_UNUSED_VARIABLE = YES;
				LOCALIZATION_PREFERS_STRING_CATALOGS = YES;
				MACOSX_DEPLOYMENT_TARGET = 26.1;
				MTL_ENABLE_DEBUG_INFO = INCLUDE_SOURCE;
				MTL_FAST_MATH = YES;
				ONLY_ACTIVE_ARCH = YES;
				SDKROOT = macosx;
				STRING_CATALOG_GENERATE_SYMBOLS = YES;
				SWIFT_ACTIVE_COMPILATION_CONDITIONS = "DEBUG $(inherited)";
				SWIFT_EMIT_LOC_STRINGS = YES;
				SWIFT_OPTIMIZATION_LEVEL = "-Onone";
			};
			name = Debug;
		};
		0F94F4C72EDE3E520019F69A /* Release */ = {
			isa = XCBuildConfiguration;
			buildSettings = {
				ALWAYS_SEARCH_USER_PATHS = NO;
				ASSETCATALOG_COMPILER_GENERATE_SWIFT_ASSET_SYMBOL_EXTENSIONS = YES;
				CLANG_ANALYZER_LOCALIZABILITY_NONLOCALIZED = YES;
				CLANG_ANALYZER_NONNULL = YES;
				CLANG_ANALYZER_NUMBER_OBJECT_CONVERSION = YES_AGGRESSIVE;
				CLANG_CXX_LANGUAGE_STANDARD = "gnu++20";
				CLANG_ENABLE_MODULES = YES;
				CLANG_ENABLE_OBJC_ARC = YES;
				CLANG_ENABLE_OBJC_WEAK = YES;
				CLANG_WARN_BLOCK_CAPTURE_AUTORELEASING = YES;
				CLANG_WARN_BOOL_CONVERSION = YES;
				CLANG_WARN_COMMA = YES;
				CLANG_WARN_CONSTANT_CONVERSION = YES;
				CLANG_WARN_DEPRECATED_OBJC_IMPLEMENTATIONS = YES;
				CLANG_WARN_DIRECT_OBJC_ISA_USAGE = YES_ERROR;
				CLANG_WARN_DOCUMENTATION_COMMENTS = YES;
				CLANG_WARN_EMPTY_BODY = YES;
				CLANG_WARN_ENUM_CONVERSION = YES;
				CLANG_WARN_INFINITE_RECURSION = YES;
				CLANG_WARN_INT_CONVERSION = YES;
				CLANG_WARN_NON_LITERAL_NULL_CONVERSION = YES;
				CLANG_WARN_OBJC_IMPLICIT_RETAIN_SELF = YES;
				CLANG_WARN_OBJC_LITERAL_CONVERSION = YES;
				CLANG_WARN_OBJC_ROOT_CLASS = YES_ERROR;
				CLANG_WARN_QUOTED_INCLUDE_IN_FRAMEWORK_HEADER = YES;
				CLANG_WARN_RANGE_LOOP_ANALYSIS = YES;
				CLANG_WARN_STRICT_PROTOTYPES = YES;
				CLANG_WARN_SUSPICIOUS_MOVE = YES;
				CLANG_WARN_UNGUARDED_AVAILABILITY = YES_AGGRESSIVE;
				CLANG_WARN_UNREACHABLE_CODE = YES;
				CLANG_WARN__DUPLICATE_METHOD_MATCH = YES;
				CODE_SIGN_IDENTITY = "Apple Development";
				CODE_SIGN_STYLE = Automatic;
				COPY_PHASE_STRIP = NO;
				DEAD_CODE_STRIPPING = YES;
				DEBUG_INFORMATION_FORMAT = "dwarf-with-dsym";
				DEVELOPMENT_TEAM = 27NC66L8P2;
				ENABLE_NS_ASSERTIONS = NO;
				ENABLE_STRICT_OBJC_MSGSEND = YES;
				ENABLE_USER_SCRIPT_SANDBOXING = YES;
				GCC_C_LANGUAGE_STANDARD = gnu17;
				GCC_NO_COMMON_BLOCKS = YES;
				GCC_WARN_64_TO_32_BIT_CONVERSION = YES;
				GCC_WARN_ABOUT_RETURN_TYPE = YES_ERROR;
				GCC_WARN_UNDECLARED_SELECTOR = YES;
				GCC_WARN_UNINITIALIZED_AUTOS = YES_AGGRESSIVE;
				GCC_WARN_UNUSED_FUNCTION = YES;
				GCC_WARN_UNUSED_VARIABLE = YES;
				LOCALIZATION_PREFERS_STRING_CATALOGS = YES;
				MACOSX_DEPLOYMENT_TARGET = 26.1;
				MTL_ENABLE_DEBUG_INFO = NO;
				MTL_FAST_MATH = YES;
				SDKROOT = macosx;
				STRING_CATALOG_GENERATE_SYMBOLS = YES;
				SWIFT_COMPILATION_MODE = wholemodule;
				SWIFT_EMIT_LOC_STRINGS = YES;
			};
			name = Release;
		};
		0F94F4C92EDE3E520019F69A /* Debug */ = {
			isa = XCBuildConfiguration;
			buildSettings = {
				ARCHS = "$(ARCHS_STANDARD)";
				ASSETCATALOG_COMPILER_APPICON_NAME = macUSBIcon;
				ASSETCATALOG_COMPILER_GLOBAL_ACCENT_COLOR_NAME = AccentColor;
				ASSETCATALOG_COMPILER_INCLUDE_ALL_APPICON_ASSETS = NO;
				AUTOMATION_APPLE_EVENTS = YES;
				CODE_SIGN_ENTITLEMENTS = macUSB/macUSB.debug.entitlements;
				CODE_SIGN_IDENTITY = "Apple Development";
				"CODE_SIGN_IDENTITY[sdk=macosx*]" = "Apple Development";
				CODE_SIGN_STYLE = Automatic;
				COMBINE_HIDPI_IMAGES = YES;
				CURRENT_PROJECT_VERSION = 15;
				DEAD_CODE_STRIPPING = YES;
				DEVELOPMENT_TEAM = 27NC66L8P2;
				ENABLE_APP_SANDBOX = NO;
				ENABLE_HARDENED_RUNTIME = YES;
				ENABLE_PREVIEWS = YES;
				ENABLE_RESOURCE_ACCESS_AUDIO_INPUT = NO;
				ENABLE_RESOURCE_ACCESS_CALENDARS = NO;
				ENABLE_RESOURCE_ACCESS_CAMERA = NO;
				ENABLE_RESOURCE_ACCESS_CONTACTS = NO;
				ENABLE_RESOURCE_ACCESS_LOCATION = NO;
				ENABLE_RESOURCE_ACCESS_PHOTO_LIBRARY = NO;
				EXCLUDED_ARCHS = "";
				GENERATE_INFOPLIST_FILE = YES;
				INFOPLIST_FILE = macUSB/Info.plist;
				INFOPLIST_KEY_CFBundleDisplayName = macUSB;
				INFOPLIST_KEY_LSApplicationCategoryType = "public.app-category.utilities";
				INFOPLIST_KEY_NSHumanReadableCopyright = "Copyright © 2025-2026 Krystian Pierz. All rights reserved.";
				LD_RUNPATH_SEARCH_PATHS = (
					"$(inherited)",
					"@executable_path/../Frameworks",
				);
				MACOSX_DEPLOYMENT_TARGET = 14.6;
				MARKETING_VERSION = 2.1;
				PRODUCT_BUNDLE_IDENTIFIER = com.kruszoneq.macUSB;
				PRODUCT_NAME = "$(TARGET_NAME)";
				PROVISIONING_PROFILE_SPECIFIER = "";
				REGISTER_APP_GROUPS = YES;
				RUNTIME_EXCEPTION_ALLOW_DYLD_ENVIRONMENT_VARIABLES = NO;
				RUNTIME_EXCEPTION_ALLOW_JIT = NO;
				RUNTIME_EXCEPTION_ALLOW_UNSIGNED_EXECUTABLE_MEMORY = NO;
				RUNTIME_EXCEPTION_DEBUGGING_TOOL = NO;
				RUNTIME_EXCEPTION_DISABLE_EXECUTABLE_PAGE_PROTECTION = NO;
				RUNTIME_EXCEPTION_DISABLE_LIBRARY_VALIDATION = NO;
				STRING_CATALOG_GENERATE_SYMBOLS = YES;
				SWIFT_APPROACHABLE_CONCURRENCY = YES;
				SWIFT_DEFAULT_ACTOR_ISOLATION = MainActor;
				SWIFT_EMIT_LOC_STRINGS = YES;
				SWIFT_UPCOMING_FEATURE_MEMBER_IMPORT_VISIBILITY = YES;
				SWIFT_VERSION = 5.0;
			};
			name = Debug;
		};
		0F94F4CA2EDE3E520019F69A /* Release */ = {
			isa = XCBuildConfiguration;
			buildSettings = {
				ARCHS = "$(ARCHS_STANDARD)";
				ASSETCATALOG_COMPILER_APPICON_NAME = macUSBIcon;
				ASSETCATALOG_COMPILER_GLOBAL_ACCENT_COLOR_NAME = AccentColor;
				ASSETCATALOG_COMPILER_INCLUDE_ALL_APPICON_ASSETS = NO;
				AUTOMATION_APPLE_EVENTS = YES;
				CODE_SIGN_ENTITLEMENTS = macUSB/macUSB.release.entitlements;
				CODE_SIGN_IDENTITY = "Developer ID Application";
				"CODE_SIGN_IDENTITY[sdk=macosx*]" = "Developer ID Application";
				CODE_SIGN_STYLE = Manual;
				COMBINE_HIDPI_IMAGES = YES;
				CURRENT_PROJECT_VERSION = 15;
				DEAD_CODE_STRIPPING = YES;
				DEVELOPMENT_TEAM = 27NC66L8P2;
				ENABLE_APP_SANDBOX = NO;
				ENABLE_HARDENED_RUNTIME = YES;
				ENABLE_PREVIEWS = YES;
				ENABLE_RESOURCE_ACCESS_AUDIO_INPUT = NO;
				ENABLE_RESOURCE_ACCESS_CALENDARS = NO;
				ENABLE_RESOURCE_ACCESS_CAMERA = NO;
				ENABLE_RESOURCE_ACCESS_CONTACTS = NO;
				ENABLE_RESOURCE_ACCESS_LOCATION = NO;
				ENABLE_RESOURCE_ACCESS_PHOTO_LIBRARY = NO;
				EXCLUDED_ARCHS = "";
				GENERATE_INFOPLIST_FILE = YES;
				INFOPLIST_FILE = macUSB/Info.plist;
				INFOPLIST_KEY_CFBundleDisplayName = macUSB;
				INFOPLIST_KEY_LSApplicationCategoryType = "public.app-category.utilities";
				INFOPLIST_KEY_NSHumanReadableCopyright = "Copyright © 2025-2026 Krystian Pierz. All rights reserved.";
				LD_RUNPATH_SEARCH_PATHS = (
					"$(inherited)",
					"@executable_path/../Frameworks",
				);
				MACOSX_DEPLOYMENT_TARGET = 14.6;
				MARKETING_VERSION = 2.1;
				PRODUCT_BUNDLE_IDENTIFIER = com.kruszoneq.macUSB;
				PRODUCT_NAME = "$(TARGET_NAME)";
				PROVISIONING_PROFILE_SPECIFIER = "";
				REGISTER_APP_GROUPS = YES;
				RUNTIME_EXCEPTION_ALLOW_DYLD_ENVIRONMENT_VARIABLES = NO;
				RUNTIME_EXCEPTION_ALLOW_JIT = NO;
				RUNTIME_EXCEPTION_ALLOW_UNSIGNED_EXECUTABLE_MEMORY = NO;
				RUNTIME_EXCEPTION_DEBUGGING_TOOL = NO;
				RUNTIME_EXCEPTION_DISABLE_EXECUTABLE_PAGE_PROTECTION = NO;
				RUNTIME_EXCEPTION_DISABLE_LIBRARY_VALIDATION = NO;
				STRING_CATALOG_GENERATE_SYMBOLS = YES;
				SWIFT_APPROACHABLE_CONCURRENCY = YES;
				SWIFT_DEFAULT_ACTOR_ISOLATION = MainActor;
				SWIFT_EMIT_LOC_STRINGS = YES;
				SWIFT_UPCOMING_FEATURE_MEMBER_IMPORT_VISIBILITY = YES;
				SWIFT_VERSION = 5.0;
			};
			name = Release;
		};
		0F94F4CC2EDE3E520019F69A /* Debug */ = {
			isa = XCBuildConfiguration;
			buildSettings = {
				BUNDLE_LOADER = "$(TEST_HOST)";
				CODE_SIGN_STYLE = Automatic;
				CURRENT_PROJECT_VERSION = 1;
				DEAD_CODE_STRIPPING = YES;
				GENERATE_INFOPLIST_FILE = YES;
				MACOSX_DEPLOYMENT_TARGET = 26.1;
				MARKETING_VERSION = 1.0;
				PRODUCT_BUNDLE_IDENTIFIER = krystian.macUSBTests;
				PRODUCT_NAME = "$(TARGET_NAME)";
				STRING_CATALOG_GENERATE_SYMBOLS = NO;
				SWIFT_APPROACHABLE_CONCURRENCY = YES;
				SWIFT_EMIT_LOC_STRINGS = NO;
				SWIFT_UPCOMING_FEATURE_MEMBER_IMPORT_VISIBILITY = YES;
				SWIFT_VERSION = 5.0;
				TEST_HOST = "$(BUILT_PRODUCTS_DIR)/macUSB.app/$(BUNDLE_EXECUTABLE_FOLDER_PATH)/macUSB";
			};
			name = Debug;
		};
		0F94F4CD2EDE3E520019F69A /* Release */ = {
			isa = XCBuildConfiguration;
			buildSettings = {
				BUNDLE_LOADER = "$(TEST_HOST)";
				CODE_SIGN_STYLE = Automatic;
				CURRENT_PROJECT_VERSION = 1;
				DEAD_CODE_STRIPPING = YES;
				GENERATE_INFOPLIST_FILE = YES;
				MACOSX_DEPLOYMENT_TARGET = 26.1;
				MARKETING_VERSION = 1.0;
				PRODUCT_BUNDLE_IDENTIFIER = krystian.macUSBTests;
				PRODUCT_NAME = "$(TARGET_NAME)";
				STRING_CATALOG_GENERATE_SYMBOLS = NO;
				SWIFT_APPROACHABLE_CONCURRENCY = YES;
				SWIFT_EMIT_LOC_STRINGS = NO;
				SWIFT_UPCOMING_FEATURE_MEMBER_IMPORT_VISIBILITY = YES;
				SWIFT_VERSION = 5.0;
				TEST_HOST = "$(BUILT_PRODUCTS_DIR)/macUSB.app/$(BUNDLE_EXECUTABLE_FOLDER_PATH)/macUSB";
			};
			name = Release;
		};
		0F94F4CF2EDE3E520019F69A /* Debug */ = {
			isa = XCBuildConfiguration;
			buildSettings = {
				CODE_SIGN_STYLE = Automatic;
				CURRENT_PROJECT_VERSION = 1;
				DEAD_CODE_STRIPPING = YES;
				GENERATE_INFOPLIST_FILE = YES;
				MARKETING_VERSION = 1.0;
				PRODUCT_BUNDLE_IDENTIFIER = krystian.macUSBUITests;
				PRODUCT_NAME = "$(TARGET_NAME)";
				STRING_CATALOG_GENERATE_SYMBOLS = NO;
				SWIFT_APPROACHABLE_CONCURRENCY = YES;
				SWIFT_EMIT_LOC_STRINGS = NO;
				SWIFT_UPCOMING_FEATURE_MEMBER_IMPORT_VISIBILITY = YES;
				SWIFT_VERSION = 5.0;
				TEST_TARGET_NAME = macUSB;
			};
			name = Debug;
		};
		0F94F4D02EDE3E520019F69A /* Release */ = {
			isa = XCBuildConfiguration;
			buildSettings = {
				CODE_SIGN_STYLE = Automatic;
				CURRENT_PROJECT_VERSION = 1;
				DEAD_CODE_STRIPPING = YES;
				GENERATE_INFOPLIST_FILE = YES;
				MARKETING_VERSION = 1.0;
				PRODUCT_BUNDLE_IDENTIFIER = krystian.macUSBUITests;
				PRODUCT_NAME = "$(TARGET_NAME)";
				STRING_CATALOG_GENERATE_SYMBOLS = NO;
				SWIFT_APPROACHABLE_CONCURRENCY = YES;
				SWIFT_EMIT_LOC_STRINGS = NO;
				SWIFT_UPCOMING_FEATURE_MEMBER_IMPORT_VISIBILITY = YES;
				SWIFT_VERSION = 5.0;
				TEST_TARGET_NAME = macUSB;
			};
			name = Release;
		};
		A10000012F00000100000010 /* Debug */ = {
			isa = XCBuildConfiguration;
			buildSettings = {
				CODE_SIGN_ENTITLEMENTS = macUSBHelper/macUSBHelper.debug.entitlements;
				CODE_SIGN_IDENTITY = "Apple Development";
				"CODE_SIGN_IDENTITY[sdk=macosx*]" = "Apple Development";
				CODE_SIGN_INJECT_BASE_ENTITLEMENTS = NO;
				CODE_SIGN_STYLE = Automatic;
				CREATE_INFOPLIST_SECTION_IN_BINARY = YES;
				CURRENT_PROJECT_VERSION = 1;
				DEVELOPMENT_TEAM = 27NC66L8P2;
				ENABLE_HARDENED_RUNTIME = YES;
				ENTITLEMENTS_REQUIRED = NO;
				GENERATE_INFOPLIST_FILE = YES;
				MACOSX_DEPLOYMENT_TARGET = 14.6;
				MARKETING_VERSION = 1.0;
				PRODUCT_BUNDLE_IDENTIFIER = com.kruszoneq.macusb.helper;
				PRODUCT_NAME = "$(TARGET_NAME)";
				SKIP_INSTALL = YES;
				SWIFT_EMIT_LOC_STRINGS = NO;
				SWIFT_VERSION = 5.0;
			};
			name = Debug;
		};
		A10000012F00000100000011 /* Release */ = {
			isa = XCBuildConfiguration;
			buildSettings = {
				CODE_SIGN_ENTITLEMENTS = macUSBHelper/macUSBHelper.release.entitlements;
				CODE_SIGN_IDENTITY = "Developer ID Application";
				"CODE_SIGN_IDENTITY[sdk=macosx*]" = "Developer ID Application";
				CODE_SIGN_INJECT_BASE_ENTITLEMENTS = NO;
				CODE_SIGN_STYLE = Manual;
				CREATE_INFOPLIST_SECTION_IN_BINARY = YES;
				CURRENT_PROJECT_VERSION = 1;
				DEVELOPMENT_TEAM = 27NC66L8P2;
				"DEVELOPMENT_TEAM[sdk=macosx*]" = 27NC66L8P2;
				ENABLE_HARDENED_RUNTIME = YES;
				ENTITLEMENTS_REQUIRED = NO;
				GENERATE_INFOPLIST_FILE = YES;
				MACOSX_DEPLOYMENT_TARGET = 14.6;
				MARKETING_VERSION = 1.0;
				PRODUCT_BUNDLE_IDENTIFIER = com.kruszoneq.macusb.helper;
				PRODUCT_NAME = "$(TARGET_NAME)";
				PROVISIONING_PROFILE_SPECIFIER = "";
				SKIP_INSTALL = YES;
				SWIFT_EMIT_LOC_STRINGS = NO;
				SWIFT_VERSION = 5.0;
			};
			name = Release;
		};
/* End XCBuildConfiguration section */

/* Begin XCConfigurationList section */
		0F94F4A02EDE3E510019F69A /* Build configuration list for PBXProject "macUSB" */ = {
			isa = XCConfigurationList;
			buildConfigurations = (
				0F94F4C62EDE3E520019F69A /* Debug */,
				0F94F4C72EDE3E520019F69A /* Release */,
			);
			defaultConfigurationIsVisible = 0;
			defaultConfigurationName = Release;
		};
		0F94F4C82EDE3E520019F69A /* Build configuration list for PBXNativeTarget "macUSB" */ = {
			isa = XCConfigurationList;
			buildConfigurations = (
				0F94F4C92EDE3E520019F69A /* Debug */,
				0F94F4CA2EDE3E520019F69A /* Release */,
			);
			defaultConfigurationIsVisible = 0;
			defaultConfigurationName = Release;
		};
		0F94F4CB2EDE3E520019F69A /* Build configuration list for PBXNativeTarget "macUSBTests" */ = {
			isa = XCConfigurationList;
			buildConfigurations = (
				0F94F4CC2EDE3E520019F69A /* Debug */,
				0F94F4CD2EDE3E520019F69A /* Release */,
			);
			defaultConfigurationIsVisible = 0;
			defaultConfigurationName = Release;
		};
		0F94F4CE2EDE3E520019F69A /* Build configuration list for PBXNativeTarget "macUSBUITests" */ = {
			isa = XCConfigurationList;
			buildConfigurations = (
				0F94F4CF2EDE3E520019F69A /* Debug */,
				0F94F4D02EDE3E520019F69A /* Release */,
			);
			defaultConfigurationIsVisible = 0;
			defaultConfigurationName = Release;
		};
		A10000012F00000100000012 /* Build configuration list for PBXNativeTarget "macUSBHelper" */ = {
			isa = XCConfigurationList;
			buildConfigurations = (
				A10000012F00000100000010 /* Debug */,
				A10000012F00000100000011 /* Release */,
			);
			defaultConfigurationIsVisible = 0;
			defaultConfigurationName = Release;
		};
/* End XCConfigurationList section */
	};
	rootObject = 0F94F49D2EDE3E510019F69A /* Project object */;
}
